// !$*UTF8*$!
{
	archiveVersion = 1;
	classes = {
	};
	objectVersion = 55;
	objects = {

/* Begin PBXBuildFile section */
		D2A23B972810346600AC6033 /* AppDelegate.swift in Sources */ = {isa = PBXBuildFile; fileRef = D2A23B962810346600AC6033 /* AppDelegate.swift */; };
		D2A23B992810346600AC6033 /* SceneDelegate.swift in Sources */ = {isa = PBXBuildFile; fileRef = D2A23B982810346600AC6033 /* SceneDelegate.swift */; };
		D2A23B9B2810346600AC6033 /* ViewController.swift in Sources */ = {isa = PBXBuildFile; fileRef = D2A23B9A2810346600AC6033 /* ViewController.swift */; };
		D2A23B9E2810346600AC6033 /* Main.storyboard in Resources */ = {isa = PBXBuildFile; fileRef = D2A23B9C2810346600AC6033 /* Main.storyboard */; };
		D2A23BA02810346700AC6033 /* Assets.xcassets in Resources */ = {isa = PBXBuildFile; fileRef = D2A23B9F2810346700AC6033 /* Assets.xcassets */; };
		D2A23BA32810346700AC6033 /* LaunchScreen.storyboard in Resources */ = {isa = PBXBuildFile; fileRef = D2A23BA12810346700AC6033 /* LaunchScreen.storyboard */; };
		D2A23BAE2810346700AC6033 /* HW15_Basci_Table_ViewTests.swift in Sources */ = {isa = PBXBuildFile; fileRef = D2A23BAD2810346700AC6033 /* HW15_Basci_Table_ViewTests.swift */; };
		D2A23BB82810346700AC6033 /* HW15_Basci_Table_ViewUITests.swift in Sources */ = {isa = PBXBuildFile; fileRef = D2A23BB72810346700AC6033 /* HW15_Basci_Table_ViewUITests.swift */; };
		D2A23BBA2810346700AC6033 /* HW15_Basci_Table_ViewUITestsLaunchTests.swift in Sources */ = {isa = PBXBuildFile; fileRef = D2A23BB92810346700AC6033 /* HW15_Basci_Table_ViewUITestsLaunchTests.swift */; };
/* End PBXBuildFile section */

/* Begin PBXContainerItemProxy section */
		D2A23BAA2810346700AC6033 /* PBXContainerItemProxy */ = {
			isa = PBXContainerItemProxy;
			containerPortal = D2A23B8B2810346600AC6033 /* Project object */;
			proxyType = 1;
			remoteGlobalIDString = D2A23B922810346600AC6033;
			remoteInfo = "HW15 Basci Table View";
		};
		D2A23BB42810346700AC6033 /* PBXContainerItemProxy */ = {
			isa = PBXContainerItemProxy;
			containerPortal = D2A23B8B2810346600AC6033 /* Project object */;
			proxyType = 1;
			remoteGlobalIDString = D2A23B922810346600AC6033;
			remoteInfo = "HW15 Basci Table View";
		};
/* End PBXContainerItemProxy section */

/* Begin PBXFileReference section */
		D2A23B932810346600AC6033 /* HW15 Basci Table View.app */ = {isa = PBXFileReference; explicitFileType = wrapper.application; includeInIndex = 0; path = "HW15 Basci Table View.app"; sourceTree = BUILT_PRODUCTS_DIR; };
		D2A23B962810346600AC6033 /* AppDelegate.swift */ = {isa = PBXFileReference; lastKnownFileType = sourcecode.swift; path = AppDelegate.swift; sourceTree = "<group>"; };
		D2A23B982810346600AC6033 /* SceneDelegate.swift */ = {isa = PBXFileReference; lastKnownFileType = sourcecode.swift; path = SceneDelegate.swift; sourceTree = "<group>"; };
		D2A23B9A2810346600AC6033 /* ViewController.swift */ = {isa = PBXFileReference; lastKnownFileType = sourcecode.swift; path = ViewController.swift; sourceTree = "<group>"; };
		D2A23B9D2810346600AC6033 /* Base */ = {isa = PBXFileReference; lastKnownFileType = file.storyboard; name = Base; path = Base.lproj/Main.storyboard; sourceTree = "<group>"; };
		D2A23B9F2810346700AC6033 /* Assets.xcassets */ = {isa = PBXFileReference; lastKnownFileType = folder.assetcatalog; path = Assets.xcassets; sourceTree = "<group>"; };
		D2A23BA22810346700AC6033 /* Base */ = {isa = PBXFileReference; lastKnownFileType = file.storyboard; name = Base; path = Base.lproj/LaunchScreen.storyboard; sourceTree = "<group>"; };
		D2A23BA42810346700AC6033 /* Info.plist */ = {isa = PBXFileReference; lastKnownFileType = text.plist.xml; path = Info.plist; sourceTree = "<group>"; };
		D2A23BA92810346700AC6033 /* HW15 Basci Table ViewTests.xctest */ = {isa = PBXFileReference; explicitFileType = wrapper.cfbundle; includeInIndex = 0; path = "HW15 Basci Table ViewTests.xctest"; sourceTree = BUILT_PRODUCTS_DIR; };
		D2A23BAD2810346700AC6033 /* HW15_Basci_Table_ViewTests.swift */ = {isa = PBXFileReference; lastKnownFileType = sourcecode.swift; path = HW15_Basci_Table_ViewTests.swift; sourceTree = "<group>"; };
		D2A23BB32810346700AC6033 /* HW15 Basci Table ViewUITests.xctest */ = {isa = PBXFileReference; explicitFileType = wrapper.cfbundle; includeInIndex = 0; path = "HW15 Basci Table ViewUITests.xctest"; sourceTree = BUILT_PRODUCTS_DIR; };
		D2A23BB72810346700AC6033 /* HW15_Basci_Table_ViewUITests.swift */ = {isa = PBXFileReference; lastKnownFileType = sourcecode.swift; path = HW15_Basci_Table_ViewUITests.swift; sourceTree = "<group>"; };
		D2A23BB92810346700AC6033 /* HW15_Basci_Table_ViewUITestsLaunchTests.swift */ = {isa = PBXFileReference; lastKnownFileType = sourcecode.swift; path = HW15_Basci_Table_ViewUITestsLaunchTests.swift; sourceTree = "<group>"; };
/* End PBXFileReference section */

/* Begin PBXFrameworksBuildPhase section */
		D2A23B902810346600AC6033 /* Frameworks */ = {
			isa = PBXFrameworksBuildPhase;
			buildActionMask = 2147483647;
			files = (
			);
			runOnlyForDeploymentPostprocessing = 0;
		};
		D2A23BA62810346700AC6033 /* Frameworks */ = {
			isa = PBXFrameworksBuildPhase;
			buildActionMask = 2147483647;
			files = (
			);
			runOnlyForDeploymentPostprocessing = 0;
		};
		D2A23BB02810346700AC6033 /* Frameworks */ = {
			isa = PBXFrameworksBuildPhase;
			buildActionMask = 2147483647;
			files = (
			);
			runOnlyForDeploymentPostprocessing = 0;
		};
/* End PBXFrameworksBuildPhase section */

/* Begin PBXGroup section */
		D2A23B8A2810346600AC6033 = {
			isa = PBXGroup;
			children = (
				D2A23B952810346600AC6033 /* HW15 Basci Table View */,
				D2A23BAC2810346700AC6033 /* HW15 Basci Table ViewTests */,
				D2A23BB62810346700AC6033 /* HW15 Basci Table ViewUITests */,
				D2A23B942810346600AC6033 /* Products */,
			);
			sourceTree = "<group>";
		};
		D2A23B942810346600AC6033 /* Products */ = {
			isa = PBXGroup;
			children = (
				D2A23B932810346600AC6033 /* HW15 Basci Table View.app */,
				D2A23BA92810346700AC6033 /* HW15 Basci Table ViewTests.xctest */,
				D2A23BB32810346700AC6033 /* HW15 Basci Table ViewUITests.xctest */,
			);
			name = Products;
			sourceTree = "<group>";
		};
		D2A23B952810346600AC6033 /* HW15 Basci Table View */ = {
			isa = PBXGroup;
			children = (
				D2A23B962810346600AC6033 /* AppDelegate.swift */,
				D2A23B982810346600AC6033 /* SceneDelegate.swift */,
				D2A23B9A2810346600AC6033 /* ViewController.swift */,
				D2A23B9C2810346600AC6033 /* Main.storyboard */,
				D2A23B9F2810346700AC6033 /* Assets.xcassets */,
				D2A23BA12810346700AC6033 /* LaunchScreen.storyboard */,
				D2A23BA42810346700AC6033 /* Info.plist */,
			);
			path = "HW15 Basci Table View";
			sourceTree = "<group>";
		};
		D2A23BAC2810346700AC6033 /* HW15 Basci Table ViewTests */ = {
			isa = PBXGroup;
			children = (
				D2A23BAD2810346700AC6033 /* HW15_Basci_Table_ViewTests.swift */,
			);
			path = "HW15 Basci Table ViewTests";
			sourceTree = "<group>";
		};
		D2A23BB62810346700AC6033 /* HW15 Basci Table ViewUITests */ = {
			isa = PBXGroup;
			children = (
				D2A23BB72810346700AC6033 /* HW15_Basci_Table_ViewUITests.swift */,
				D2A23BB92810346700AC6033 /* HW15_Basci_Table_ViewUITestsLaunchTests.swift */,
			);
			path = "HW15 Basci Table ViewUITests";
			sourceTree = "<group>";
		};
/* End PBXGroup section */

/* Begin PBXNativeTarget section */
		D2A23B922810346600AC6033 /* HW15 Basci Table View */ = {
			isa = PBXNativeTarget;
			buildConfigurationList = D2A23BBD2810346700AC6033 /* Build configuration list for PBXNativeTarget "HW15 Basci Table View" */;
			buildPhases = (
				D2A23B8F2810346600AC6033 /* Sources */,
				D2A23B902810346600AC6033 /* Frameworks */,
				D2A23B912810346600AC6033 /* Resources */,
			);
			buildRules = (
			);
			dependencies = (
			);
			name = "HW15 Basci Table View";
			productName = "HW15 Basci Table View";
			productReference = D2A23B932810346600AC6033 /* HW15 Basci Table View.app */;
			productType = "com.apple.product-type.application";
		};
		D2A23BA82810346700AC6033 /* HW15 Basci Table ViewTests */ = {
			isa = PBXNativeTarget;
			buildConfigurationList = D2A23BC02810346700AC6033 /* Build configuration list for PBXNativeTarget "HW15 Basci Table ViewTests" */;
			buildPhases = (
				D2A23BA52810346700AC6033 /* Sources */,
				D2A23BA62810346700AC6033 /* Frameworks */,
				D2A23BA72810346700AC6033 /* Resources */,
			);
			buildRules = (
			);
			dependencies = (
				D2A23BAB2810346700AC6033 /* PBXTargetDependency */,
			);
			name = "HW15 Basci Table ViewTests";
			productName = "HW15 Basci Table ViewTests";
			productReference = D2A23BA92810346700AC6033 /* HW15 Basci Table ViewTests.xctest */;
			productType = "com.apple.product-type.bundle.unit-test";
		};
		D2A23BB22810346700AC6033 /* HW15 Basci Table ViewUITests */ = {
			isa = PBXNativeTarget;
			buildConfigurationList = D2A23BC32810346700AC6033 /* Build configuration list for PBXNativeTarget "HW15 Basci Table ViewUITests" */;
			buildPhases = (
				D2A23BAF2810346700AC6033 /* Sources */,
				D2A23BB02810346700AC6033 /* Frameworks */,
				D2A23BB12810346700AC6033 /* Resources */,
			);
			buildRules = (
			);
			dependencies = (
				D2A23BB52810346700AC6033 /* PBXTargetDependency */,
			);
			name = "HW15 Basci Table ViewUITests";
			productName = "HW15 Basci Table ViewUITests";
			productReference = D2A23BB32810346700AC6033 /* HW15 Basci Table ViewUITests.xctest */;
			productType = "com.apple.product-type.bundle.ui-testing";
		};
/* End PBXNativeTarget section */

/* Begin PBXProject section */
		D2A23B8B2810346600AC6033 /* Project object */ = {
			isa = PBXProject;
			attributes = {
				BuildIndependentTargetsInParallel = 1;
				LastSwiftUpdateCheck = 1330;
				LastUpgradeCheck = 1330;
				TargetAttributes = {
					D2A23B922810346600AC6033 = {
						CreatedOnToolsVersion = 13.3;
					};
					D2A23BA82810346700AC6033 = {
						CreatedOnToolsVersion = 13.3;
						TestTargetID = D2A23B922810346600AC6033;
					};
					D2A23BB22810346700AC6033 = {
						CreatedOnToolsVersion = 13.3;
						TestTargetID = D2A23B922810346600AC6033;
					};
				};
			};
			buildConfigurationList = D2A23B8E2810346600AC6033 /* Build configuration list for PBXProject "HW15 Basci Table View" */;
			compatibilityVersion = "Xcode 13.0";
			developmentRegion = en;
			hasScannedForEncodings = 0;
			knownRegions = (
				en,
				Base,
			);
			mainGroup = D2A23B8A2810346600AC6033;
			productRefGroup = D2A23B942810346600AC6033 /* Products */;
			projectDirPath = "";
			projectRoot = "";
			targets = (
				D2A23B922810346600AC6033 /* HW15 Basci Table View */,
				D2A23BA82810346700AC6033 /* HW15 Basci Table ViewTests */,
				D2A23BB22810346700AC6033 /* HW15 Basci Table ViewUITests */,
			);
		};
/* End PBXProject section */

/* Begin PBXResourcesBuildPhase section */
		D2A23B912810346600AC6033 /* Resources */ = {
			isa = PBXResourcesBuildPhase;
			buildActionMask = 2147483647;
			files = (
				D2A23BA32810346700AC6033 /* LaunchScreen.storyboard in Resources */,
				D2A23BA02810346700AC6033 /* Assets.xcassets in Resources */,
				D2A23B9E2810346600AC6033 /* Main.storyboard in Resources */,
			);
			runOnlyForDeploymentPostprocessing = 0;
		};
		D2A23BA72810346700AC6033 /* Resources */ = {
			isa = PBXResourcesBuildPhase;
			buildActionMask = 2147483647;
			files = (
			);
			runOnlyForDeploymentPostprocessing = 0;
		};
		D2A23BB12810346700AC6033 /* Resources */ = {
			isa = PBXResourcesBuildPhase;
			buildActionMask = 2147483647;
			files = (
			);
			runOnlyForDeploymentPostprocessing = 0;
		};
/* End PBXResourcesBuildPhase section */

/* Begin PBXSourcesBuildPhase section */
		D2A23B8F2810346600AC6033 /* Sources */ = {
			isa = PBXSourcesBuildPhase;
			buildActionMask = 2147483647;
			files = (
				D2A23B9B2810346600AC6033 /* ViewController.swift in Sources */,
				D2A23B972810346600AC6033 /* AppDelegate.swift in Sources */,
				D2A23B992810346600AC6033 /* SceneDelegate.swift in Sources */,
			);
			runOnlyForDeploymentPostprocessing = 0;
		};
		D2A23BA52810346700AC6033 /* Sources */ = {
			isa = PBXSourcesBuildPhase;
			buildActionMask = 2147483647;
			files = (
				D2A23BAE2810346700AC6033 /* HW15_Basci_Table_ViewTests.swift in Sources */,
			);
			runOnlyForDeploymentPostprocessing = 0;
		};
		D2A23BAF2810346700AC6033 /* Sources */ = {
			isa = PBXSourcesBuildPhase;
			buildActionMask = 2147483647;
			files = (
				D2A23BBA2810346700AC6033 /* HW15_Basci_Table_ViewUITestsLaunchTests.swift in Sources */,
				D2A23BB82810346700AC6033 /* HW15_Basci_Table_ViewUITests.swift in Sources */,
			);
			runOnlyForDeploymentPostprocessing = 0;
		};
/* End PBXSourcesBuildPhase section */

/* Begin PBXTargetDependency section */
		D2A23BAB2810346700AC6033 /* PBXTargetDependency */ = {
			isa = PBXTargetDependency;
			target = D2A23B922810346600AC6033 /* HW15 Basci Table View */;
			targetProxy = D2A23BAA2810346700AC6033 /* PBXContainerItemProxy */;
		};
		D2A23BB52810346700AC6033 /* PBXTargetDependency */ = {
			isa = PBXTargetDependency;
			target = D2A23B922810346600AC6033 /* HW15 Basci Table View */;
			targetProxy = D2A23BB42810346700AC6033 /* PBXContainerItemProxy */;
		};
/* End PBXTargetDependency section */

/* Begin PBXVariantGroup section */
		D2A23B9C2810346600AC6033 /* Main.storyboard */ = {
			isa = PBXVariantGroup;
			children = (
				D2A23B9D2810346600AC6033 /* Base */,
			);
			name = Main.storyboard;
			sourceTree = "<group>";
		};
		D2A23BA12810346700AC6033 /* LaunchScreen.storyboard */ = {
			isa = PBXVariantGroup;
			children = (
				D2A23BA22810346700AC6033 /* Base */,
			);
			name = LaunchScreen.storyboard;
			sourceTree = "<group>";
		};
/* End PBXVariantGroup section */

/* Begin XCBuildConfiguration section */
		D2A23BBB2810346700AC6033 /* Debug */ = {
			isa = XCBuildConfiguration;
			buildSettings = {
				ALWAYS_SEARCH_USER_PATHS = NO;
				CLANG_ANALYZER_NONNULL = YES;
				CLANG_ANALYZER_NUMBER_OBJECT_CONVERSION = YES_AGGRESSIVE;
				CLANG_CXX_LANGUAGE_STANDARD = "gnu++17";
				CLANG_ENABLE_MODULES = YES;
				CLANG_ENABLE_OBJC_ARC = YES;
				CLANG_ENABLE_OBJC_WEAK = YES;
				CLANG_WARN_BLOCK_CAPTURE_AUTORELEASING = YES;
				CLANG_WARN_BOOL_CONVERSION = YES;
				CLANG_WARN_COMMA = YES;
				CLANG_WARN_CONSTANT_CONVERSION = YES;
				CLANG_WARN_DEPRECATED_OBJC_IMPLEMENTATIONS = YES;
				CLANG_WARN_DIRECT_OBJC_ISA_USAGE = YES_ERROR;
				CLANG_WARN_DOCUMENTATION_COMMENTS = YES;
				CLANG_WARN_EMPTY_BODY = YES;
				CLANG_WARN_ENUM_CONVERSION = YES;
				CLANG_WARN_INFINITE_RECURSION = YES;
				CLANG_WARN_INT_CONVERSION = YES;
				CLANG_WARN_NON_LITERAL_NULL_CONVERSION = YES;
				CLANG_WARN_OBJC_IMPLICIT_RETAIN_SELF = YES;
				CLANG_WARN_OBJC_LITERAL_CONVERSION = YES;
				CLANG_WARN_OBJC_ROOT_CLASS = YES_ERROR;
				CLANG_WARN_QUOTED_INCLUDE_IN_FRAMEWORK_HEADER = YES;
				CLANG_WARN_RANGE_LOOP_ANALYSIS = YES;
				CLANG_WARN_STRICT_PROTOTYPES = YES;
				CLANG_WARN_SUSPICIOUS_MOVE = YES;
				CLANG_WARN_UNGUARDED_AVAILABILITY = YES_AGGRESSIVE;
				CLANG_WARN_UNREACHABLE_CODE = YES;
				CLANG_WARN__DUPLICATE_METHOD_MATCH = YES;
				COPY_PHASE_STRIP = NO;
				DEBUG_INFORMATION_FORMAT = dwarf;
				ENABLE_STRICT_OBJC_MSGSEND = YES;
				ENABLE_TESTABILITY = YES;
				GCC_C_LANGUAGE_STANDARD = gnu11;
				GCC_DYNAMIC_NO_PIC = NO;
				GCC_NO_COMMON_BLOCKS = YES;
				GCC_OPTIMIZATION_LEVEL = 0;
				GCC_PREPROCESSOR_DEFINITIONS = (
					"DEBUG=1",
					"$(inherited)",
				);
				GCC_WARN_64_TO_32_BIT_CONVERSION = YES;
				GCC_WARN_ABOUT_RETURN_TYPE = YES_ERROR;
				GCC_WARN_UNDECLARED_SELECTOR = YES;
				GCC_WARN_UNINITIALIZED_AUTOS = YES_AGGRESSIVE;
				GCC_WARN_UNUSED_FUNCTION = YES;
				GCC_WARN_UNUSED_VARIABLE = YES;
				IPHONEOS_DEPLOYMENT_TARGET = 15.4;
				MTL_ENABLE_DEBUG_INFO = INCLUDE_SOURCE;
				MTL_FAST_MATH = YES;
				ONLY_ACTIVE_ARCH = YES;
				SDKROOT = iphoneos;
				SWIFT_ACTIVE_COMPILATION_CONDITIONS = DEBUG;
				SWIFT_OPTIMIZATION_LEVEL = "-Onone";
			};
			name = Debug;
		};
		D2A23BBC2810346700AC6033 /* Release */ = {
			isa = XCBuildConfiguration;
			buildSettings = {
				ALWAYS_SEARCH_USER_PATHS = NO;
				CLANG_ANALYZER_NONNULL = YES;
				CLANG_ANALYZER_NUMBER_OBJECT_CONVERSION = YES_AGGRESSIVE;
				CLANG_CXX_LANGUAGE_STANDARD = "gnu++17";
				CLANG_ENABLE_MODULES = YES;
				CLANG_ENABLE_OBJC_ARC = YES;
				CLANG_ENABLE_OBJC_WEAK = YES;
				CLANG_WARN_BLOCK_CAPTURE_AUTORELEASING = YES;
				CLANG_WARN_BOOL_CONVERSION = YES;
				CLANG_WARN_COMMA = YES;
				CLANG_WARN_CONSTANT_CONVERSION = YES;
				CLANG_WARN_DEPRECATED_OBJC_IMPLEMENTATIONS = YES;
				CLANG_WARN_DIRECT_OBJC_ISA_USAGE = YES_ERROR;
				CLANG_WARN_DOCUMENTATION_COMMENTS = YES;
				CLANG_WARN_EMPTY_BODY = YES;
				CLANG_WARN_ENUM_CONVERSION = YES;
				CLANG_WARN_INFINITE_RECURSION = YES;
				CLANG_WARN_INT_CONVERSION = YES;
				CLANG_WARN_NON_LITERAL_NULL_CONVERSION = YES;
				CLANG_WARN_OBJC_IMPLICIT_RETAIN_SELF = YES;
				CLANG_WARN_OBJC_LITERAL_CONVERSION = YES;
				CLANG_WARN_OBJC_ROOT_CLASS = YES_ERROR;
				CLANG_WARN_QUOTED_INCLUDE_IN_FRAMEWORK_HEADER = YES;
				CLANG_WARN_RANGE_LOOP_ANALYSIS = YES;
				CLANG_WARN_STRICT_PROTOTYPES = YES;
				CLANG_WARN_SUSPICIOUS_MOVE = YES;
				CLANG_WARN_UNGUARDED_AVAILABILITY = YES_AGGRESSIVE;
				CLANG_WARN_UNREACHABLE_CODE = YES;
				CLANG_WARN__DUPLICATE_METHOD_MATCH = YES;
				COPY_PHASE_STRIP = NO;
				DEBUG_INFORMATION_FORMAT = "dwarf-with-dsym";
				ENABLE_NS_ASSERTIONS = NO;
				ENABLE_STRICT_OBJC_MSGSEND = YES;
				GCC_C_LANGUAGE_STANDARD = gnu11;
				GCC_NO_COMMON_BLOCKS = YES;
				GCC_WARN_64_TO_32_BIT_CONVERSION = YES;
				GCC_WARN_ABOUT_RETURN_TYPE = YES_ERROR;
				GCC_WARN_UNDECLARED_SELECTOR = YES;
				GCC_WARN_UNINITIALIZED_AUTOS = YES_AGGRESSIVE;
				GCC_WARN_UNUSED_FUNCTION = YES;
				GCC_WARN_UNUSED_VARIABLE = YES;
				IPHONEOS_DEPLOYMENT_TARGET = 15.4;
				MTL_ENABLE_DEBUG_INFO = NO;
				MTL_FAST_MATH = YES;
				SDKROOT = iphoneos;
				SWIFT_COMPILATION_MODE = wholemodule;
				SWIFT_OPTIMIZATION_LEVEL = "-O";
				VALIDATE_PRODUCT = YES;
			};
			name = Release;
		};
		D2A23BBE2810346700AC6033 /* Debug */ = {
			isa = XCBuildConfiguration;
			buildSettings = {
				ASSETCATALOG_COMPILER_APPICON_NAME = AppIcon;
				ASSETCATALOG_COMPILER_GLOBAL_ACCENT_COLOR_NAME = AccentColor;
				CODE_SIGN_STYLE = Automatic;
				CURRENT_PROJECT_VERSION = 1;
				DEVELOPMENT_TEAM = 4QKWP52TNX;
				GENERATE_INFOPLIST_FILE = YES;
				INFOPLIST_FILE = "HW15 Basci Table View/Info.plist";
				INFOPLIST_KEY_UIApplicationSupportsIndirectInputEvents = YES;
				INFOPLIST_KEY_UILaunchStoryboardName = LaunchScreen;
				INFOPLIST_KEY_UIMainStoryboardFile = Main;
				INFOPLIST_KEY_UISupportedInterfaceOrientations_iPad = "UIInterfaceOrientationPortrait UIInterfaceOrientationPortraitUpsideDown UIInterfaceOrientationLandscapeLeft UIInterfaceOrientationLandscapeRight";
				INFOPLIST_KEY_UISupportedInterfaceOrientations_iPhone = "UIInterfaceOrientationPortrait UIInterfaceOrientationLandscapeLeft UIInterfaceOrientationLandscapeRight";
				LD_RUNPATH_SEARCH_PATHS = (
					"$(inherited)",
					"@executable_path/Frameworks",
				);
				MARKETING_VERSION = 1.0;
				PRODUCT_BUNDLE_IDENTIFIER = "Latifah.HW15-Basci-Table-View";
				PRODUCT_NAME = "$(TARGET_NAME)";
				SWIFT_EMIT_LOC_STRINGS = YES;
				SWIFT_VERSION = 5.0;
				TARGETED_DEVICE_FAMILY = "1,2";
			};
			name = Debug;
		};
		D2A23BBF2810346700AC6033 /* Release */ = {
			isa = XCBuildConfiguration;
			buildSettings = {
				ASSETCATALOG_COMPILER_APPICON_NAME = AppIcon;
				ASSETCATALOG_COMPILER_GLOBAL_ACCENT_COLOR_NAME = AccentColor;
				CODE_SIGN_STYLE = Automatic;
				CURRENT_PROJECT_VERSION = 1;
				DEVELOPMENT_TEAM = 4QKWP52TNX;
				GENERATE_INFOPLIST_FILE = YES;
				INFOPLIST_FILE = "HW15 Basci Table View/Info.plist";
				INFOPLIST_KEY_UIApplicationSupportsIndirectInputEvents = YES;
				INFOPLIST_KEY_UILaunchStoryboardName = LaunchScreen;
				INFOPLIST_KEY_UIMainStoryboardFile = Main;
				INFOPLIST_KEY_UISupportedInterfaceOrientations_iPad = "UIInterfaceOrientationPortrait UIInterfaceOrientationPortraitUpsideDown UIInterfaceOrientationLandscapeLeft UIInterfaceOrientationLandscapeRight";
				INFOPLIST_KEY_UISupportedInterfaceOrientations_iPhone = "UIInterfaceOrientationPortrait UIInterfaceOrientationLandscapeLeft UIInterfaceOrientationLandscapeRight";
				LD_RUNPATH_SEARCH_PATHS = (
					"$(inherited)",
					"@executable_path/Frameworks",
				);
				MARKETING_VERSION = 1.0;
				PRODUCT_BUNDLE_IDENTIFIER = "Latifah.HW15-Basci-Table-View";
				PRODUCT_NAME = "$(TARGET_NAME)";
				SWIFT_EMIT_LOC_STRINGS = YES;
				SWIFT_VERSION = 5.0;
				TARGETED_DEVICE_FAMILY = "1,2";
			};
			name = Release;
		};
		D2A23BC12810346700AC6033 /* Debug */ = {
			isa = XCBuildConfiguration;
			buildSettings = {
				ALWAYS_EMBED_SWIFT_STANDARD_LIBRARIES = YES;
				BUNDLE_LOADER = "$(TEST_HOST)";
				CODE_SIGN_STYLE = Automatic;
				CURRENT_PROJECT_VERSION = 1;
				DEVELOPMENT_TEAM = 4QKWP52TNX;
				GENERATE_INFOPLIST_FILE = YES;
				IPHONEOS_DEPLOYMENT_TARGET = 15.4;
				MARKETING_VERSION = 1.0;
				PRODUCT_BUNDLE_IDENTIFIER = "Latifah.HW15-Basci-Table-ViewTests";
				PRODUCT_NAME = "$(TARGET_NAME)";
				SWIFT_EMIT_LOC_STRINGS = NO;
				SWIFT_VERSION = 5.0;
				TARGETED_DEVICE_FAMILY = "1,2";
				TEST_HOST = "$(BUILT_PRODUCTS_DIR)/HW15 Basci Table View.app/HW15 Basci Table View";
			};
			name = Debug;
		};
		D2A23BC22810346700AC6033 /* Release */ = {
			isa = XCBuildConfiguration;
			buildSettings = {
				ALWAYS_EMBED_SWIFT_STANDARD_LIBRARIES = YES;
				BUNDLE_LOADER = "$(TEST_HOST)";
				CODE_SIGN_STYLE = Automatic;
				CURRENT_PROJECT_VERSION = 1;
				DEVELOPMENT_TEAM = 4QKWP52TNX;
				GENERATE_INFOPLIST_FILE = YES;
				IPHONEOS_DEPLOYMENT_TARGET = 15.4;
				MARKETING_VERSION = 1.0;
				PRODUCT_BUNDLE_IDENTIFIER = "Latifah.HW15-Basci-Table-ViewTests";
				PRODUCT_NAME = "$(TARGET_NAME)";
				SWIFT_EMIT_LOC_STRINGS = NO;
				SWIFT_VERSION = 5.0;
				TARGETED_DEVICE_FAMILY = "1,2";
				TEST_HOST = "$(BUILT_PRODUCTS_DIR)/HW15 Basci Table View.app/HW15 Basci Table View";
			};
			name = Release;
		};
		D2A23BC42810346700AC6033 /* Debug */ = {
			isa = XCBuildConfiguration;
			buildSettings = {
				ALWAYS_EMBED_SWIFT_STANDARD_LIBRARIES = YES;
				CODE_SIGN_STYLE = Automatic;
				CURRENT_PROJECT_VERSION = 1;
				DEVELOPMENT_TEAM = 4QKWP52TNX;
				GENERATE_INFOPLIST_FILE = YES;
				MARKETING_VERSION = 1.0;
				PRODUCT_BUNDLE_IDENTIFIER = "Latifah.HW15-Basci-Table-ViewUITests";
				PRODUCT_NAME = "$(TARGET_NAME)";
				SWIFT_EMIT_LOC_STRINGS = NO;
				SWIFT_VERSION = 5.0;
				TARGETED_DEVICE_FAMILY = "1,2";
				TEST_TARGET_NAME = "HW15 Basci Table View";
			};
			name = Debug;
		};
		D2A23BC52810346700AC6033 /* Release */ = {
			isa = XCBuildConfiguration;
			buildSettings = {
				ALWAYS_EMBED_SWIFT_STANDARD_LIBRARIES = YES;
				CODE_SIGN_STYLE = Automatic;
				CURRENT_PROJECT_VERSION = 1;
				DEVELOPMENT_TEAM = 4QKWP52TNX;
				GENERATE_INFOPLIST_FILE = YES;
				MARKETING_VERSION = 1.0;
				PRODUCT_BUNDLE_IDENTIFIER = "Latifah.HW15-Basci-Table-ViewUITests";
				PRODUCT_NAME = "$(TARGET_NAME)";
				SWIFT_EMIT_LOC_STRINGS = NO;
				SWIFT_VERSION = 5.0;
				TARGETED_DEVICE_FAMILY = "1,2";
				TEST_TARGET_NAME = "HW15 Basci Table View";
			};
			name = Release;
		};
/* End XCBuildConfiguration section */

/* Begin XCConfigurationList section */
		D2A23B8E2810346600AC6033 /* Build configuration list for PBXProject "HW15 Basci Table View" */ = {
			isa = XCConfigurationList;
			buildConfigurations = (
				D2A23BBB2810346700AC6033 /* Debug */,
				D2A23BBC2810346700AC6033 /* Release */,
			);
			defaultConfigurationIsVisible = 0;
			defaultConfigurationName = Release;
		};
		D2A23BBD2810346700AC6033 /* Build configuration list for PBXNativeTarget "HW15 Basci Table View" */ = {
			isa = XCConfigurationList;
			buildConfigurations = (
				D2A23BBE2810346700AC6033 /* Debug */,
				D2A23BBF2810346700AC6033 /* Release */,
			);
			defaultConfigurationIsVisible = 0;
			defaultConfigurationName = Release;
		};
		D2A23BC02810346700AC6033 /* Build configuration list for PBXNativeTarget "HW15 Basci Table ViewTests" */ = {
			isa = XCConfigurationList;
			buildConfigurations = (
				D2A23BC12810346700AC6033 /* Debug */,
				D2A23BC22810346700AC6033 /* Release */,
			);
			defaultConfigurationIsVisible = 0;
			defaultConfigurationName = Release;
		};
		D2A23BC32810346700AC6033 /* Build configuration list for PBXNativeTarget "HW15 Basci Table ViewUITests" */ = {
			isa = XCConfigurationList;
			buildConfigurations = (
				D2A23BC42810346700AC6033 /* Debug */,
				D2A23BC52810346700AC6033 /* Release */,
			);
			defaultConfigurationIsVisible = 0;
			defaultConfigurationName = Release;
		};
/* End XCConfigurationList section */
	};
	rootObject = D2A23B8B2810346600AC6033 /* Project object */;
}
